PODS:
  - Capacitor (6.0.0):
    - CapacitorCordova
  - CapacitorCordova (6.0.0)
  - CapacitorSplashScreen (6.0.0):
    - Capacitor
  - scandit-datacapture-frameworks-barcode (6.25.0-beta.1-SNAPSHOT):
    - scandit-datacapture-frameworks-core (= 6.25.0-beta.1-SNAPSHOT)
  - scandit-datacapture-frameworks-core (6.25.0-beta.1-SNAPSHOT)
  - ScanditCapacitorDatacaptureBarcode (6.25.0-beta.1-SNAPSHOT):
    - Capacitor
    - scandit-datacapture-frameworks-barcode (= 6.25.0-beta.1-SNAPSHOT)
    - ScanditCapacitorDatacaptureCore (= 6.25.0-beta.1-SNAPSHOT)
  - ScanditCapacitorDatacaptureCore (6.25.0-beta.1-SNAPSHOT):
    - Capacitor
    - scandit-datacapture-frameworks-core (= 6.25.0-beta.1-SNAPSHOT)

DEPENDENCIES:
  - "Capacitor (from `../../node_modules/@capacitor/ios`)"
  - "CapacitorCordova (from `../../node_modules/@capacitor/ios`)"
  - "CapacitorSplashScreen (from `../../node_modules/@capacitor/splash-screen`)"
  - scandit-datacapture-frameworks-barcode (from `/Users/aaron/Projects/data-capture-sdk/frameworks/shared/ios/scandit-datacapture-frameworks-barcode`)
  - scandit-datacapture-frameworks-core (from `/Users/aaron/Projects/data-capture-sdk/frameworks/shared/ios/scandit-datacapture-frameworks-core`)
  - ScanditCapacitorDatacaptureBarcode (from `../../../../scandit-capacitor-datacapture-barcode`)
  - ScanditCapacitorDatacaptureCore (from `../../../../scandit-capacitor-datacapture-core`)

EXTERNAL SOURCES:
  Capacitor:
    :path: "../../node_modules/@capacitor/ios"
  CapacitorCordova:
    :path: "../../node_modules/@capacitor/ios"
  CapacitorSplashScreen:
    :path: "../../node_modules/@capacitor/splash-screen"
  scandit-datacapture-frameworks-barcode:
    :path: "/Users/aaron/Projects/data-capture-sdk/frameworks/shared/ios/scandit-datacapture-frameworks-barcode"
  scandit-datacapture-frameworks-core:
    :path: "/Users/aaron/Projects/data-capture-sdk/frameworks/shared/ios/scandit-datacapture-frameworks-core"
  ScanditCapacitorDatacaptureBarcode:
    :path: "../../../../scandit-capacitor-datacapture-barcode"
  ScanditCapacitorDatacaptureCore:
    :path: "../../../../scandit-capacitor-datacapture-core"

SPEC CHECKSUMS:
  Capacitor: 559d073c4ca6c27f8e7002c807eea94c3ba435a9
  CapacitorCordova: 8c4bfdf69368512e85b1d8b724dd7546abeb30af
  CapacitorSplashScreen: 5431ab8d19c1c6e95777d53bfaa7a36a6c3d94c7
  scandit-datacapture-frameworks-barcode: c9f10f4fe95572ef9eed67a8fab99ddbb426a57f
  scandit-datacapture-frameworks-core: a0f91a9c4d50c81573b451ea6f03e65a656e56bd
  ScanditCapacitorDatacaptureBarcode: ff57e6f84a25ab178ff040080c18a707649bcffc
  ScanditCapacitorDatacaptureCore: bc2e64aff70e40ff075262c9cdf7f6ffb2da8e78

PODFILE CHECKSUM: 666009619fadb385364f9b2101f8da8c0bb50967

COCOAPODS: 1.14.3
